
Microsoft Visual Studio Solution File, Format Version 12.00
# Visual Studio Version 16
VisualStudioVersion = 16.0.29326.143
MinimumVisualStudioVersion = 10.0.40219.1
Project("{FAE04EC0-301F-11D3-BF4B-00C04F79EFBC}") = "MinesweeperNetCore", "MinesweeperNetCore\MinesweeperNetCore.csproj", "{2DE8044F-B089-42E4-A0DF-B23233E3297C}"
EndProject
Global
	GlobalSection(SolutionConfigurationPlatforms) = preSolution
		Debug|Any CPU = Debug|Any CPU
		Release|Any CPU = Release|Any CPU
	EndGlobalSection
	GlobalSection(ProjectConfigurationPlatforms) = postSolution
		{2DE8044F-B089-42E4-A0DF-B23233E3297C}.Debug|Any CPU.ActiveCfg = Debug|Any CPU
		{2DE8044F-B089-42E4-A0DF-B23233E3297C}.Debug|Any CPU.Build.0 = Debug|Any CPU
		{2DE8044F-B089-42E4-A0DF-B23233E3297C}.Release|Any CPU.ActiveCfg = Release|Any CPU
		{2DE8044F-B089-42E4-A0DF-B23233E3297C}.Release|Any CPU.Build.0 = Release|Any CPU
	EndGlobalSection
	GlobalSection(SolutionProperties) = preSolution
		HideSolutionNode = FALSE
	EndGlobalSection
	GlobalSection(ExtensibilityGlobals) = postSolution
		SolutionGuid = {0EA63559-6826-4AD0-A392-7AFC9DD875C2}
	EndGlobalSection
EndGlobal
